
Microsoft Visual Studio Solution File, Format Version 12.00
# Visual Studio Version 17
VisualStudioVersion = 17.1.32319.34
MinimumVisualStudioVersion = 10.0.40219.1
Project("{9A19103F-16F7-4668-BE54-9A1E7A4F7556}") = "DataAccess", "DataAccess\DataAccess.csproj", "{87CFDCBE-D140-467F-893D-CF9D37D939A6}"
EndProject
Project("{9A19103F-16F7-4668-BE54-9A1E7A4F7556}") = "Business", "Business\Business.csproj", "{2FD5923E-AA4C-457F-8446-D14CEFE0120C}"
EndProject
Project("{9A19103F-16F7-4668-BE54-9A1E7A4F7556}") = "Entities", "Entities\Entities.csproj", "{56808B6B-8094-4999-B2AB-F936316A4585}"
EndProject
Project("{9A19103F-16F7-4668-BE54-9A1E7A4F7556}") = "ConsoleUI2", "ConsoleUI2\ConsoleUI2.csproj", "{44FBF3B5-1124-4A1A-A1F7-844EB508D430}"
EndProject
Project("{9A19103F-16F7-4668-BE54-9A1E7A4F7556}") = "Core", "Core\Core.csproj", "{9A6EA437-0A12-4AC3-BD4E-B46E2BC2776F}"
EndProject
Project("{FAE04EC0-301F-11D3-BF4B-00C04F79EFBC}") = "WebAPI", "WebAPI\WebAPI.csproj", "{B8535736-C5C9-40B3-AE38-F66A6E6E73D5}"
EndProject
Global
	GlobalSection(SolutionConfigurationPlatforms) = preSolution
		Debug|Any CPU = Debug|Any CPU
		Release|Any CPU = Release|Any CPU
	EndGlobalSection
	GlobalSection(ProjectConfigurationPlatforms) = postSolution
		{87CFDCBE-D140-467F-893D-CF9D37D939A6}.Debug|Any CPU.ActiveCfg = Debug|Any CPU
		{87CFDCBE-D140-467F-893D-CF9D37D939A6}.Debug|Any CPU.Build.0 = Debug|Any CPU
		{87CFDCBE-D140-467F-893D-CF9D37D939A6}.Release|Any CPU.ActiveCfg = Release|Any CPU
		{87CFDCBE-D140-467F-893D-CF9D37D939A6}.Release|Any CPU.Build.0 = Release|Any CPU
		{2FD5923E-AA4C-457F-8446-D14CEFE0120C}.Debug|Any CPU.ActiveCfg = Debug|Any CPU
		{2FD5923E-AA4C-457F-8446-D14CEFE0120C}.Debug|Any CPU.Build.0 = Debug|Any CPU
		{2FD5923E-AA4C-457F-8446-D14CEFE0120C}.Release|Any CPU.ActiveCfg = Release|Any CPU
		{2FD5923E-AA4C-457F-8446-D14CEFE0120C}.Release|Any CPU.Build.0 = Release|Any CPU
		{56808B6B-8094-4999-B2AB-F936316A4585}.Debug|Any CPU.ActiveCfg = Debug|Any CPU
		{56808B6B-8094-4999-B2AB-F936316A4585}.Debug|Any CPU.Build.0 = Debug|Any CPU
		{56808B6B-8094-4999-B2AB-F936316A4585}.Release|Any CPU.ActiveCfg = Release|Any CPU
		{56808B6B-8094-4999-B2AB-F936316A4585}.Release|Any CPU.Build.0 = Release|Any CPU
		{44FBF3B5-1124-4A1A-A1F7-844EB508D430}.Debug|Any CPU.ActiveCfg = Debug|Any CPU
		{44FBF3B5-1124-4A1A-A1F7-844EB508D430}.Debug|Any CPU.Build.0 = Debug|Any CPU
		{44FBF3B5-1124-4A1A-A1F7-844EB508D430}.Release|Any CPU.ActiveCfg = Release|Any CPU
		{44FBF3B5-1124-4A1A-A1F7-844EB508D430}.Release|Any CPU.Build.0 = Release|Any CPU
		{9A6EA437-0A12-4AC3-BD4E-B46E2BC2776F}.Debug|Any CPU.ActiveCfg = Debug|Any CPU
		{9A6EA437-0A12-4AC3-BD4E-B46E2BC2776F}.Debug|Any CPU.Build.0 = Debug|Any CPU
		{9A6EA437-0A12-4AC3-BD4E-B46E2BC2776F}.Release|Any CPU.ActiveCfg = Release|Any CPU
		{9A6EA437-0A12-4AC3-BD4E-B46E2BC2776F}.Release|Any CPU.Build.0 = Release|Any CPU
		{B8535736-C5C9-40B3-AE38-F66A6E6E73D5}.Debug|Any CPU.ActiveCfg = Debug|Any CPU
		{B8535736-C5C9-40B3-AE38-F66A6E6E73D5}.Debug|Any CPU.Build.0 = Debug|Any CPU
		{B8535736-C5C9-40B3-AE38-F66A6E6E73D5}.Release|Any CPU.ActiveCfg = Release|Any CPU
		{B8535736-C5C9-40B3-AE38-F66A6E6E73D5}.Release|Any CPU.Build.0 = Release|Any CPU
	EndGlobalSection
	GlobalSection(SolutionProperties) = preSolution
		HideSolutionNode = FALSE
	EndGlobalSection
	GlobalSection(ExtensibilityGlobals) = postSolution
		SolutionGuid = {91280E82-2155-43F5-8444-80606872F536}
	EndGlobalSection
EndGlobal
